
Microsoft Visual Studio Solution File, Format Version 12.00
# Visual Studio Version 17
VisualStudioVersion = 17.2.32616.157
MinimumVisualStudioVersion = 10.0.40219.1
Project("{FAE04EC0-301F-11D3-BF4B-00C04F79EFBC}") = "gamesimulation", "gamesimulation\gamesimulation.csproj", "{11153B02-BEB9-458B-9D24-B7E288990A7D}"
EndProject
Global
	GlobalSection(SolutionConfigurationPlatforms) = preSolution
		Debug|Any CPU = Debug|Any CPU
		Release|Any CPU = Release|Any CPU
	EndGlobalSection
	GlobalSection(ProjectConfigurationPlatforms) = postSolution
		{11153B02-BEB9-458B-9D24-B7E288990A7D}.Debug|Any CPU.ActiveCfg = Debug|Any CPU
		{11153B02-BEB9-458B-9D24-B7E288990A7D}.Debug|Any CPU.Build.0 = Debug|Any CPU
		{11153B02-BEB9-458B-9D24-B7E288990A7D}.Release|Any CPU.ActiveCfg = Release|Any CPU
		{11153B02-BEB9-458B-9D24-B7E288990A7D}.Release|Any CPU.Build.0 = Release|Any CPU
	EndGlobalSection
	GlobalSection(SolutionProperties) = preSolution
		HideSolutionNode = FALSE
	EndGlobalSection
	GlobalSection(ExtensibilityGlobals) = postSolution
		SolutionGuid = {B6C21401-3EF7-48FF-8CEB-FD23ACF0F05C}
	EndGlobalSection
EndGlobal
